// !$*UTF8*$!
{
	archiveVersion = 1;
	classes = {
	};
	objectVersion = 56;
	objects = {

/* Begin PBXBuildFile section */
		41BBD4C42B9BB2970081BBFF /* MeCardApp.swift in Sources */ = {isa = PBXBuildFile; fileRef = 41BBD4C32B9BB2970081BBFF /* MeCardApp.swift */; };
		41BBD4C62B9BB2970081BBFF /* ContentView.swift in Sources */ = {isa = PBXBuildFile; fileRef = 41BBD4C52B9BB2970081BBFF /* ContentView.swift */; };
		41BBD4C82B9BB2980081BBFF /* Assets.xcassets in Resources */ = {isa = PBXBuildFile; fileRef = 41BBD4C72B9BB2980081BBFF /* Assets.xcassets */; };
		41BBD4CB2B9BB2980081BBFF /* Preview Assets.xcassets in Resources */ = {isa = PBXBuildFile; fileRef = 41BBD4CA2B9BB2980081BBFF /* Preview Assets.xcassets */; };
		41BBD4D52B9BB78B0081BBFF /* LibreBaskerville-Italic.ttf in Resources */ = {isa = PBXBuildFile; fileRef = 41BBD4D22B9BB78B0081BBFF /* LibreBaskerville-Italic.ttf */; };
		41BBD4D62B9BB78B0081BBFF /* LibreBaskerville-Bold.ttf in Resources */ = {isa = PBXBuildFile; fileRef = 41BBD4D32B9BB78B0081BBFF /* LibreBaskerville-Bold.ttf */; };
		41BBD4D72B9BB78B0081BBFF /* LibreBaskerville-Regular.ttf in Resources */ = {isa = PBXBuildFile; fileRef = 41BBD4D42B9BB78B0081BBFF /* LibreBaskerville-Regular.ttf */; };
		41BBD4DA2B9C36860081BBFF /* InfoView.swift in Sources */ = {isa = PBXBuildFile; fileRef = 41BBD4D92B9C36860081BBFF /* InfoView.swift */; };
/* End PBXBuildFile section */

/* Begin PBXFileReference section */
		41A801152CD680C0007581A1 /* README.md */ = {isa = PBXFileReference; lastKnownFileType = net.daringfireball.markdown; path = README.md; sourceTree = "<group>"; };
		41BBD4C02B9BB2970081BBFF /* MeCard.app */ = {isa = PBXFileReference; explicitFileType = wrapper.application; includeInIndex = 0; path = MeCard.app; sourceTree = BUILT_PRODUCTS_DIR; };
		41BBD4C32B9BB2970081BBFF /* MeCardApp.swift */ = {isa = PBXFileReference; lastKnownFileType = sourcecode.swift; path = MeCardApp.swift; sourceTree = "<group>"; };
		41BBD4C52B9BB2970081BBFF /* ContentView.swift */ = {isa = PBXFileReference; lastKnownFileType = sourcecode.swift; path = ContentView.swift; sourceTree = "<group>"; };
		41BBD4C72B9BB2980081BBFF /* Assets.xcassets */ = {isa = PBXFileReference; lastKnownFileType = folder.assetcatalog; path = Assets.xcassets; sourceTree = "<group>"; };
		41BBD4CA2B9BB2980081BBFF /* Preview Assets.xcassets */ = {isa = PBXFileReference; lastKnownFileType = folder.assetcatalog; path = "Preview Assets.xcassets"; sourceTree = "<group>"; };
		41BBD4D22B9BB78B0081BBFF /* LibreBaskerville-Italic.ttf */ = {isa = PBXFileReference; lastKnownFileType = file; path = "LibreBaskerville-Italic.ttf"; sourceTree = "<group>"; };
		41BBD4D32B9BB78B0081BBFF /* LibreBaskerville-Bold.ttf */ = {isa = PBXFileReference; lastKnownFileType = file; path = "LibreBaskerville-Bold.ttf"; sourceTree = "<group>"; };
		41BBD4D42B9BB78B0081BBFF /* LibreBaskerville-Regular.ttf */ = {isa = PBXFileReference; lastKnownFileType = file; path = "LibreBaskerville-Regular.ttf"; sourceTree = "<group>"; };
		41BBD4D82B9BB9660081BBFF /* Info.plist */ = {isa = PBXFileReference; lastKnownFileType = text.plist; path = Info.plist; sourceTree = "<group>"; };
		41BBD4D92B9C36860081BBFF /* InfoView.swift */ = {isa = PBXFileReference; lastKnownFileType = sourcecode.swift; path = InfoView.swift; sourceTree = "<group>"; };
/* End PBXFileReference section */

/* Begin PBXFrameworksBuildPhase section */
		41BBD4BD2B9BB2970081BBFF /* Frameworks */ = {
			isa = PBXFrameworksBuildPhase;
			buildActionMask = 2147483647;
			files = (
			);
			runOnlyForDeploymentPostprocessing = 0;
		};
/* End PBXFrameworksBuildPhase section */

/* Begin PBXGroup section */
		41BBD4B72B9BB2970081BBFF = {
			isa = PBXGroup;
			children = (
				41A801152CD680C0007581A1 /* README.md */,
				41BBD4C22B9BB2970081BBFF /* MeCard */,
				41BBD4C12B9BB2970081BBFF /* Products */,
			);
			sourceTree = "<group>";
		};
		41BBD4C12B9BB2970081BBFF /* Products */ = {
			isa = PBXGroup;
			children = (
				41BBD4C02B9BB2970081BBFF /* MeCard.app */,
			);
			name = Products;
			sourceTree = "<group>";
		};
		41BBD4C22B9BB2970081BBFF /* MeCard */ = {
			isa = PBXGroup;
			children = (
				41BBD4D82B9BB9660081BBFF /* Info.plist */,
				41BBD4C32B9BB2970081BBFF /* MeCardApp.swift */,
				41BBD4C52B9BB2970081BBFF /* ContentView.swift */,
				41BBD4D92B9C36860081BBFF /* InfoView.swift */,
				41BBD4C72B9BB2980081BBFF /* Assets.xcassets */,
				41BBD4D12B9BB74D0081BBFF /* Fonts */,
				41BBD4C92B9BB2980081BBFF /* Preview Content */,
			);
			path = MeCard;
			sourceTree = "<group>";
		};
		41BBD4C92B9BB2980081BBFF /* Preview Content */ = {
			isa = PBXGroup;
			children = (
				41BBD4CA2B9BB2980081BBFF /* Preview Assets.xcassets */,
			);
			path = "Preview Content";
			sourceTree = "<group>";
		};
		41BBD4D12B9BB74D0081BBFF /* Fonts */ = {
			isa = PBXGroup;
			children = (
				41BBD4D32B9BB78B0081BBFF /* LibreBaskerville-Bold.ttf */,
				41BBD4D22B9BB78B0081BBFF /* LibreBaskerville-Italic.ttf */,
				41BBD4D42B9BB78B0081BBFF /* LibreBaskerville-Regular.ttf */,
			);
			path = Fonts;
			sourceTree = "<group>";
		};
/* End PBXGroup section */

/* Begin PBXNativeTarget section */
		41BBD4BF2B9BB2970081BBFF /* MeCard */ = {
			isa = PBXNativeTarget;
			buildConfigurationList = 41BBD4CE2B9BB2980081BBFF /* Build configuration list for PBXNativeTarget "MeCard" */;
			buildPhases = (
				41BBD4BC2B9BB2970081BBFF /* Sources */,
				41BBD4BD2B9BB2970081BBFF /* Frameworks */,
				41BBD4BE2B9BB2970081BBFF /* Resources */,
			);
			buildRules = (
			);
			dependencies = (
			);
			name = MeCard;
			productName = MeCard;
			productReference = 41BBD4C02B9BB2970081BBFF /* MeCard.app */;
			productType = "com.apple.product-type.application";
		};
/* End PBXNativeTarget section */

/* Begin PBXProject section */
		41BBD4B82B9BB2970081BBFF /* Project object */ = {
			isa = PBXProject;
			attributes = {
				BuildIndependentTargetsInParallel = 1;
				LastSwiftUpdateCheck = 1530;
				LastUpgradeCheck = 1530;
				TargetAttributes = {
					41BBD4BF2B9BB2970081BBFF = {
						CreatedOnToolsVersion = 15.3;
					};
				};
			};
			buildConfigurationList = 41BBD4BB2B9BB2970081BBFF /* Build configuration list for PBXProject "MeCard" */;
			compatibilityVersion = "Xcode 14.0";
			developmentRegion = en;
			hasScannedForEncodings = 0;
			knownRegions = (
				en,
				Base,
			);
			mainGroup = 41BBD4B72B9BB2970081BBFF;
			productRefGroup = 41BBD4C12B9BB2970081BBFF /* Products */;
			projectDirPath = "";
			projectRoot = "";
			targets = (
				41BBD4BF2B9BB2970081BBFF /* MeCard */,
			);
		};
/* End PBXProject section */

/* Begin PBXResourcesBuildPhase section */
		41BBD4BE2B9BB2970081BBFF /* Resources */ = {
			isa = PBXResourcesBuildPhase;
			buildActionMask = 2147483647;
			files = (
				41BBD4D52B9BB78B0081BBFF /* LibreBaskerville-Italic.ttf in Resources */,
				41BBD4D62B9BB78B0081BBFF /* LibreBaskerville-Bold.ttf in Resources */,
				41BBD4CB2B9BB2980081BBFF /* Preview Assets.xcassets in Resources */,
				41BBD4D72B9BB78B0081BBFF /* LibreBaskerville-Regular.ttf in Resources */,
				41BBD4C82B9BB2980081BBFF /* Assets.xcassets in Resources */,
			);
			runOnlyForDeploymentPostprocessing = 0;
		};
/* End PBXResourcesBuildPhase section */

/* Begin PBXSourcesBuildPhase section */
		41BBD4BC2B9BB2970081BBFF /* Sources */ = {
			isa = PBXSourcesBuildPhase;
			buildActionMask = 2147483647;
			files = (
				41BBD4C62B9BB2970081BBFF /* ContentView.swift in Sources */,
				41BBD4DA2B9C36860081BBFF /* InfoView.swift in Sources */,
				41BBD4C42B9BB2970081BBFF /* MeCardApp.swift in Sources */,
			);
			runOnlyForDeploymentPostprocessing = 0;
		};
/* End PBXSourcesBuildPhase section */

/* Begin XCBuildConfiguration section */
		41BBD4CC2B9BB2980081BBFF /* Debug */ = {
			isa = XCBuildConfiguration;
			buildSettings = {
				ALWAYS_SEARCH_USER_PATHS = NO;
				ASSETCATALOG_COMPILER_GENERATE_SWIFT_ASSET_SYMBOL_EXTENSIONS = YES;
				CLANG_ANALYZER_NONNULL = YES;
				CLANG_ANALYZER_NUMBER_OBJECT_CONVERSION = YES_AGGRESSIVE;
				CLANG_CXX_LANGUAGE_STANDARD = "gnu++20";
				CLANG_ENABLE_MODULES = YES;
				CLANG_ENABLE_OBJC_ARC = YES;
				CLANG_ENABLE_OBJC_WEAK = YES;
				CLANG_WARN_BLOCK_CAPTURE_AUTORELEASING = YES;
				CLANG_WARN_BOOL_CONVERSION = YES;
				CLANG_WARN_COMMA = YES;
				CLANG_WARN_CONSTANT_CONVERSION = YES;
				CLANG_WARN_DEPRECATED_OBJC_IMPLEMENTATIONS = YES;
				CLANG_WARN_DIRECT_OBJC_ISA_USAGE = YES_ERROR;
				CLANG_WARN_DOCUMENTATION_COMMENTS = YES;
				CLANG_WARN_EMPTY_BODY = YES;
				CLANG_WARN_ENUM_CONVERSION = YES;
				CLANG_WARN_INFINITE_RECURSION = YES;
				CLANG_WARN_INT_CONVERSION = YES;
				CLANG_WARN_NON_LITERAL_NULL_CONVERSION = YES;
				CLANG_WARN_OBJC_IMPLICIT_RETAIN_SELF = YES;
				CLANG_WARN_OBJC_LITERAL_CONVERSION = YES;
				CLANG_WARN_OBJC_ROOT_CLASS = YES_ERROR;
				CLANG_WARN_QUOTED_INCLUDE_IN_FRAMEWORK_HEADER = YES;
				CLANG_WARN_RANGE_LOOP_ANALYSIS = YES;
				CLANG_WARN_STRICT_PROTOTYPES = YES;
				CLANG_WARN_SUSPICIOUS_MOVE = YES;
				CLANG_WARN_UNGUARDED_AVAILABILITY = YES_AGGRESSIVE;
				CLANG_WARN_UNREACHABLE_CODE = YES;
				CLANG_WARN__DUPLICATE_METHOD_MATCH = YES;
				COPY_PHASE_STRIP = NO;
				DEBUG_INFORMATION_FORMAT = dwarf;
				ENABLE_STRICT_OBJC_MSGSEND = YES;
				ENABLE_TESTABILITY = YES;
				ENABLE_USER_SCRIPT_SANDBOXING = YES;
				GCC_C_LANGUAGE_STANDARD = gnu17;
				GCC_DYNAMIC_NO_PIC = NO;
				GCC_NO_COMMON_BLOCKS = YES;
				GCC_OPTIMIZATION_LEVEL = 0;
				GCC_PREPROCESSOR_DEFINITIONS = (
					"DEBUG=1",
					"$(inherited)",
				);
				GCC_WARN_64_TO_32_BIT_CONVERSION = YES;
				GCC_WARN_ABOUT_RETURN_TYPE = YES_ERROR;
				GCC_WARN_UNDECLARED_SELECTOR = YES;
				GCC_WARN_UNINITIALIZED_AUTOS = YES_AGGRESSIVE;
				GCC_WARN_UNUSED_FUNCTION = YES;
				GCC_WARN_UNUSED_VARIABLE = YES;
				IPHONEOS_DEPLOYMENT_TARGET = 17.4;
				LOCALIZATION_PREFERS_STRING_CATALOGS = YES;
				MTL_ENABLE_DEBUG_INFO = INCLUDE_SOURCE;
				MTL_FAST_MATH = YES;
				ONLY_ACTIVE_ARCH = YES;
				SDKROOT = iphoneos;
				SWIFT_ACTIVE_COMPILATION_CONDITIONS = "DEBUG $(inherited)";
				SWIFT_OPTIMIZATION_LEVEL = "-Onone";
			};
			name = Debug;
		};
		41BBD4CD2B9BB2980081BBFF /* Release */ = {
			isa = XCBuildConfiguration;
			buildSettings = {
				ALWAYS_SEARCH_USER_PATHS = NO;
				ASSETCATALOG_COMPILER_GENERATE_SWIFT_ASSET_SYMBOL_EXTENSIONS = YES;
				CLANG_ANALYZER_NONNULL = YES;
				CLANG_ANALYZER_NUMBER_OBJECT_CONVERSION = YES_AGGRESSIVE;
				CLANG_CXX_LANGUAGE_STANDARD = "gnu++20";
				CLANG_ENABLE_MODULES = YES;
				CLANG_ENABLE_OBJC_ARC = YES;
				CLANG_ENABLE_OBJC_WEAK = YES;
				CLANG_WARN_BLOCK_CAPTURE_AUTORELEASING = YES;
				CLANG_WARN_BOOL_CONVERSION = YES;
				CLANG_WARN_COMMA = YES;
				CLANG_WARN_CONSTANT_CONVERSION = YES;
				CLANG_WARN_DEPRECATED_OBJC_IMPLEMENTATIONS = YES;
				CLANG_WARN_DIRECT_OBJC_ISA_USAGE = YES_ERROR;
				CLANG_WARN_DOCUMENTATION_COMMENTS = YES;
				CLANG_WARN_EMPTY_BODY = YES;
				CLANG_WARN_ENUM_CONVERSION = YES;
				CLANG_WARN_INFINITE_RECURSION = YES;
				CLANG_WARN_INT_CONVERSION = YES;
				CLANG_WARN_NON_LITERAL_NULL_CONVERSION = YES;
				CLANG_WARN_OBJC_IMPLICIT_RETAIN_SELF = YES;
				CLANG_WARN_OBJC_LITERAL_CONVERSION = YES;
				CLANG_WARN_OBJC_ROOT_CLASS = YES_ERROR;
				CLANG_WARN_QUOTED_INCLUDE_IN_FRAMEWORK_HEADER = YES;
				CLANG_WARN_RANGE_LOOP_ANALYSIS = YES;
				CLANG_WARN_STRICT_PROTOTYPES = YES;
				CLANG_WARN_SUSPICIOUS_MOVE = YES;
				CLANG_WARN_UNGUARDED_AVAILABILITY = YES_AGGRESSIVE;
				CLANG_WARN_UNREACHABLE_CODE = YES;
				CLANG_WARN__DUPLICATE_METHOD_MATCH = YES;
				COPY_PHASE_STRIP = NO;
				DEBUG_INFORMATION_FORMAT = "dwarf-with-dsym";
				ENABLE_NS_ASSERTIONS = NO;
				ENABLE_STRICT_OBJC_MSGSEND = YES;
				ENABLE_USER_SCRIPT_SANDBOXING = YES;
				GCC_C_LANGUAGE_STANDARD = gnu17;
				GCC_NO_COMMON_BLOCKS = YES;
				GCC_WARN_64_TO_32_BIT_CONVERSION = YES;
				GCC_WARN_ABOUT_RETURN_TYPE = YES_ERROR;
				GCC_WARN_UNDECLARED_SELECTOR = YES;
				GCC_WARN_UNINITIALIZED_AUTOS = YES_AGGRESSIVE;
				GCC_WARN_UNUSED_FUNCTION = YES;
				GCC_WARN_UNUSED_VARIABLE = YES;
				IPHONEOS_DEPLOYMENT_TARGET = 17.4;
				LOCALIZATION_PREFERS_STRING_CATALOGS = YES;
				MTL_ENABLE_DEBUG_INFO = NO;
				MTL_FAST_MATH = YES;
				SDKROOT = iphoneos;
				SWIFT_COMPILATION_MODE = wholemodule;
				VALIDATE_PRODUCT = YES;
			};
			name = Release;
		};
		41BBD4CF2B9BB2980081BBFF /* Debug */ = {
			isa = XCBuildConfiguration;
			buildSettings = {
				ASSETCATALOG_COMPILER_APPICON_NAME = AppIcon;
				ASSETCATALOG_COMPILER_GLOBAL_ACCENT_COLOR_NAME = AccentColor;
				CODE_SIGN_STYLE = Automatic;
				CURRENT_PROJECT_VERSION = 1;
				DEVELOPMENT_ASSET_PATHS = "\"MeCard/Preview Content\"";
				ENABLE_PREVIEWS = YES;
				GENERATE_INFOPLIST_FILE = YES;
				INFOPLIST_FILE = MeCard/Info.plist;
				INFOPLIST_KEY_UIApplicationSceneManifest_Generation = YES;
				INFOPLIST_KEY_UIApplicationSupportsIndirectInputEvents = YES;
				INFOPLIST_KEY_UILaunchScreen_Generation = YES;
				INFOPLIST_KEY_UISupportedInterfaceOrientations_iPad = "UIInterfaceOrientationPortrait UIInterfaceOrientationPortraitUpsideDown UIInterfaceOrientationLandscapeLeft UIInterfaceOrientationLandscapeRight";
				INFOPLIST_KEY_UISupportedInterfaceOrientations_iPhone = "UIInterfaceOrientationPortrait UIInterfaceOrientationLandscapeLeft UIInterfaceOrientationLandscapeRight";
				LD_RUNPATH_SEARCH_PATHS = (
					"$(inherited)",
					"@executable_path/Frameworks",
				);
				MARKETING_VERSION = 1.0;
				PRODUCT_BUNDLE_IDENTIFIER = com.kanavgoyal898.MeCard;
				PRODUCT_NAME = "$(TARGET_NAME)";
				SWIFT_EMIT_LOC_STRINGS = YES;
				SWIFT_VERSION = 5.0;
				TARGETED_DEVICE_FAMILY = "1,2";
			};
			name = Debug;
		};
		41BBD4D02B9BB2980081BBFF /* Release */ = {
			isa = XCBuildConfiguration;
			buildSettings = {
				ASSETCATALOG_COMPILER_APPICON_NAME = AppIcon;
				ASSETCATALOG_COMPILER_GLOBAL_ACCENT_COLOR_NAME = AccentColor;
				CODE_SIGN_STYLE = Automatic;
				CURRENT_PROJECT_VERSION = 1;
				DEVELOPMENT_ASSET_PATHS = "\"MeCard/Preview Content\"";
				ENABLE_PREVIEWS = YES;
				GENERATE_INFOPLIST_FILE = YES;
				INFOPLIST_FILE = MeCard/Info.plist;
				INFOPLIST_KEY_UIApplicationSceneManifest_Generation = YES;
				INFOPLIST_KEY_UIApplicationSupportsIndirectInputEvents = YES;
				INFOPLIST_KEY_UILaunchScreen_Generation = YES;
				INFOPLIST_KEY_UISupportedInterfaceOrientations_iPad = "UIInterfaceOrientationPortrait UIInterfaceOrientationPortraitUpsideDown UIInterfaceOrientationLandscapeLeft UIInterfaceOrientationLandscapeRight";
				INFOPLIST_KEY_UISupportedInterfaceOrientations_iPhone = "UIInterfaceOrientationPortrait UIInterfaceOrientationLandscapeLeft UIInterfaceOrientationLandscapeRight";
				LD_RUNPATH_SEARCH_PATHS = (
					"$(inherited)",
					"@executable_path/Frameworks",
				);
				MARKETING_VERSION = 1.0;
				PRODUCT_BUNDLE_IDENTIFIER = com.kanavgoyal898.MeCard;
				PRODUCT_NAME = "$(TARGET_NAME)";
				SWIFT_EMIT_LOC_STRINGS = YES;
				SWIFT_VERSION = 5.0;
				TARGETED_DEVICE_FAMILY = "1,2";
			};
			name = Release;
		};
/* End XCBuildConfiguration section */

/* Begin XCConfigurationList section */
		41BBD4BB2B9BB2970081BBFF /* Build configuration list for PBXProject "MeCard" */ = {
			isa = XCConfigurationList;
			buildConfigurations = (
				41BBD4CC2B9BB2980081BBFF /* Debug */,
				41BBD4CD2B9BB2980081BBFF /* Release */,
			);
			defaultConfigurationIsVisible = 0;
			defaultConfigurationName = Release;
		};
		41BBD4CE2B9BB2980081BBFF /* Build configuration list for PBXNativeTarget "MeCard" */ = {
			isa = XCConfigurationList;
			buildConfigurations = (
				41BBD4CF2B9BB2980081BBFF /* Debug */,
				41BBD4D02B9BB2980081BBFF /* Release */,
			);
			defaultConfigurationIsVisible = 0;
			defaultConfigurationName = Release;
		};
/* End XCConfigurationList section */
	};
	rootObject = 41BBD4B82B9BB2970081BBFF /* Project object */;
}
